Microsoft Visual Studio Solution File, Format Version 12.00
# Visual Studio 2012
Project("{FAE04EC0-301F-11D3-BF4B-00C04F79EFBC}") = "grabba", "grabba.csproj", "{CCCB8EB1-4140-409E-B494-0B94696BB66D}"
EndProject
Global
	GlobalSection(SolutionConfigurationPlatforms) = preSolution
	Debug|Any CPU = Debug|Any CPU
	ExportDebug|Any CPU = ExportDebug|Any CPU
	ExportRelease|Any CPU = ExportRelease|Any CPU
	EndGlobalSection
	GlobalSection(ProjectConfigurationPlatforms) = postSolution
		{CCCB8EB1-4140-409E-B494-0B94696BB66D}.Debug|Any CPU.ActiveCfg = Debug|Any CPU
		{CCCB8EB1-4140-409E-B494-0B94696BB66D}.Debug|Any CPU.Build.0 = Debug|Any CPU
		{CCCB8EB1-4140-409E-B494-0B94696BB66D}.ExportDebug|Any CPU.ActiveCfg = ExportDebug|Any CPU
		{CCCB8EB1-4140-409E-B494-0B94696BB66D}.ExportDebug|Any CPU.Build.0 = ExportDebug|Any CPU
		{CCCB8EB1-4140-409E-B494-0B94696BB66D}.ExportRelease|Any CPU.ActiveCfg = ExportRelease|Any CPU
		{CCCB8EB1-4140-409E-B494-0B94696BB66D}.ExportRelease|Any CPU.Build.0 = ExportRelease|Any CPU
	EndGlobalSection
EndGlobal
